
Microsoft Visual Studio Solution File, Format Version 12.00
# Visual Studio Version 16
VisualStudioVersion = 16.0.29409.12
MinimumVisualStudioVersion = 10.0.40219.1
Project("{FAE04EC0-301F-11D3-BF4B-00C04F79EFBC}") = "GenericApi", "GenericApi\GenericApi.csproj", "{CA9C3A8E-F21D-4797-B311-79B69E374CA7}"
EndProject
Global
	GlobalSection(SolutionConfigurationPlatforms) = preSolution
		Debug|Any CPU = Debug|Any CPU
		Release|Any CPU = Release|Any CPU
	EndGlobalSection
	GlobalSection(ProjectConfigurationPlatforms) = postSolution
		{CA9C3A8E-F21D-4797-B311-79B69E374CA7}.Debug|Any CPU.ActiveCfg = Debug|Any CPU
		{CA9C3A8E-F21D-4797-B311-79B69E374CA7}.Debug|Any CPU.Build.0 = Debug|Any CPU
		{CA9C3A8E-F21D-4797-B311-79B69E374CA7}.Release|Any CPU.ActiveCfg = Release|Any CPU
		{CA9C3A8E-F21D-4797-B311-79B69E374CA7}.Release|Any CPU.Build.0 = Release|Any CPU
	EndGlobalSection
	GlobalSection(SolutionProperties) = preSolution
		HideSolutionNode = FALSE
	EndGlobalSection
	GlobalSection(ExtensibilityGlobals) = postSolution
		SolutionGuid = {0DECB925-8ED8-4654-9D3A-E910D0E93E76}
	EndGlobalSection
EndGlobal
